{
  "version": 4,
  "terraform_version": "1.5.7",
  "serial": 114,
  "lineage": "5aca83ce-f8e9-286b-6cec-a79a46b5a34d",
  "outputs": {},
  "resources": [
    {
      "mode": "managed",
      "type": "openstack_compute_instance_v2",
      "name": "master",
      "provider": "provider[\"registry.terraform.io/terraform-provider-openstack/openstack\"]",
      "instances": [
        {
          "schema_version": 0,
          "attributes": {
            "access_ip_v4": "141.72.12.68",
            "access_ip_v6": "",
            "admin_pass": null,
            "all_metadata": {},
            "all_tags": [],
            "availability_zone": "nova",
            "availability_zone_hints": null,
            "block_device": [],
            "config_drive": null,
            "created": "2025-08-28 02:45:08 +0000 UTC",
            "flavor_id": "23404a87-dd54-41fd-b0f5-288d65952afa",
            "flavor_name": "mb1.small",
            "force_delete": false,
            "hypervisor_hostname": "",
            "id": "da7bbd17-18ed-4153-b050-ea63b64bea80",
            "image_id": "c57c2aef-f74a-4418-94ca-d3fb169162bf",
            "image_name": "Ubuntu 24.04 2025-01",
            "key_pair": "silasschroeder",
            "metadata": null,
            "name": "mjcs2-k8s-master",
            "network": [
              {
                "access_network": false,
                "fixed_ip_v4": "141.72.12.68",
                "fixed_ip_v6": "",
                "mac": "fa:16:3e:ad:55:0d",
                "name": "DHBW",
                "port": "",
                "uuid": "4971e080-966d-485e-a161-3e2b7fefad53"
              }
            ],
            "network_mode": null,
            "personality": [],
            "power_state": "active",
            "region": "",
            "scheduler_hints": [],
            "security_groups": [
              "default"
            ],
            "stop_before_destroy": false,
            "tags": null,
            "timeouts": null,
            "updated": "2025-08-28 02:45:26 +0000 UTC",
            "user_data": "f20d442012e6f7a99c5524582f4c4e177bb7d746",
            "vendor_options": []
          },
          "sensitive_attributes": [],
          "private": "eyJlMmJmYjczMC1lY2FhLTExZTYtOGY4OC0zNDM2M2JjN2M0YzAiOnsiY3JlYXRlIjoxODAwMDAwMDAwMDAwLCJkZWxldGUiOjE4MDAwMDAwMDAwMDAsInVwZGF0ZSI6MTgwMDAwMDAwMDAwMH19"
        }
      ]
    },
    {
      "mode": "managed",
      "type": "openstack_compute_instance_v2",
      "name": "worker_nodes",
      "provider": "provider[\"registry.terraform.io/terraform-provider-openstack/openstack\"]",
      "instances": [
        {
          "index_key": 0,
          "schema_version": 0,
          "attributes": {
            "access_ip_v4": "141.72.13.58",
            "access_ip_v6": "",
            "admin_pass": null,
            "all_metadata": {},
            "all_tags": [],
            "availability_zone": "nova",
            "availability_zone_hints": null,
            "block_device": [],
            "config_drive": null,
            "created": "2025-08-28 02:45:30 +0000 UTC",
            "flavor_id": "23404a87-dd54-41fd-b0f5-288d65952afa",
            "flavor_name": "mb1.small",
            "force_delete": false,
            "hypervisor_hostname": "",
            "id": "ff4bcfec-d72d-4002-912e-96f590d400b8",
            "image_id": "c57c2aef-f74a-4418-94ca-d3fb169162bf",
            "image_name": "Ubuntu 24.04 2025-01",
            "key_pair": "Jonas Public",
            "metadata": null,
            "name": "mjcs2-k8s-worker-0",
            "network": [
              {
                "access_network": false,
                "fixed_ip_v4": "141.72.13.58",
                "fixed_ip_v6": "",
                "mac": "fa:16:3e:db:c4:74",
                "name": "DHBW",
                "port": "",
                "uuid": "4971e080-966d-485e-a161-3e2b7fefad53"
              }
            ],
            "network_mode": null,
            "personality": [],
            "power_state": "active",
            "region": "",
            "scheduler_hints": [],
            "security_groups": [
              "default"
            ],
            "stop_before_destroy": false,
            "tags": null,
            "timeouts": null,
            "updated": "2025-08-28 02:45:49 +0000 UTC",
            "user_data": "0a2851644b69b490edcb913cd94856e46995cc70",
            "vendor_options": []
          },
          "sensitive_attributes": [],
          "private": "eyJlMmJmYjczMC1lY2FhLTExZTYtOGY4OC0zNDM2M2JjN2M0YzAiOnsiY3JlYXRlIjoxODAwMDAwMDAwMDAwLCJkZWxldGUiOjE4MDAwMDAwMDAwMDAsInVwZGF0ZSI6MTgwMDAwMDAwMDAwMH19",
          "dependencies": [
            "openstack_compute_instance_v2.master"
          ]
        },
        {
          "index_key": 1,
          "schema_version": 0,
          "attributes": {
            "access_ip_v4": "141.72.13.196",
            "access_ip_v6": "",
            "admin_pass": null,
            "all_metadata": {},
            "all_tags": [],
            "availability_zone": "nova",
            "availability_zone_hints": null,
            "block_device": [],
            "config_drive": null,
            "created": "2025-08-28 02:45:30 +0000 UTC",
            "flavor_id": "23404a87-dd54-41fd-b0f5-288d65952afa",
            "flavor_name": "mb1.small",
            "force_delete": false,
            "hypervisor_hostname": "",
            "id": "232c104f-740c-49c7-93f1-588befeee6ae",
            "image_id": "c57c2aef-f74a-4418-94ca-d3fb169162bf",
            "image_name": "Ubuntu 24.04 2025-01",
            "key_pair": "Jonas Public",
            "metadata": null,
            "name": "mjcs2-k8s-worker-1",
            "network": [
              {
                "access_network": false,
                "fixed_ip_v4": "141.72.13.196",
                "fixed_ip_v6": "",
                "mac": "fa:16:3e:54:99:63",
                "name": "DHBW",
                "port": "",
                "uuid": "4971e080-966d-485e-a161-3e2b7fefad53"
              }
            ],
            "network_mode": null,
            "personality": [],
            "power_state": "active",
            "region": "",
            "scheduler_hints": [],
            "security_groups": [
              "default"
            ],
            "stop_before_destroy": false,
            "tags": null,
            "timeouts": null,
            "updated": "2025-08-28 02:45:46 +0000 UTC",
            "user_data": "0a2851644b69b490edcb913cd94856e46995cc70",
            "vendor_options": []
          },
          "sensitive_attributes": [],
          "private": "eyJlMmJmYjczMC1lY2FhLTExZTYtOGY4OC0zNDM2M2JjN2M0YzAiOnsiY3JlYXRlIjoxODAwMDAwMDAwMDAwLCJkZWxldGUiOjE4MDAwMDAwMDAwMDAsInVwZGF0ZSI6MTgwMDAwMDAwMDAwMH19",
          "dependencies": [
            "openstack_compute_instance_v2.master"
          ]
        },
        {
          "index_key": 2,
          "schema_version": 0,
          "attributes": {
            "access_ip_v4": "141.72.13.22",
            "access_ip_v6": "",
            "admin_pass": null,
            "all_metadata": {},
            "all_tags": [],
            "availability_zone": "nova",
            "availability_zone_hints": null,
            "block_device": [],
            "config_drive": null,
            "created": "2025-08-28 02:45:30 +0000 UTC",
            "flavor_id": "23404a87-dd54-41fd-b0f5-288d65952afa",
            "flavor_name": "mb1.small",
            "force_delete": false,
            "hypervisor_hostname": "",
            "id": "1747edd2-18c0-4569-9209-c1b512ed69b3",
            "image_id": "c57c2aef-f74a-4418-94ca-d3fb169162bf",
            "image_name": "Ubuntu 24.04 2025-01",
            "key_pair": "Jonas Public",
            "metadata": null,
            "name": "mjcs2-k8s-worker-2",
            "network": [
              {
                "access_network": false,
                "fixed_ip_v4": "141.72.13.22",
                "fixed_ip_v6": "",
                "mac": "fa:16:3e:8c:32:82",
                "name": "DHBW",
                "port": "",
                "uuid": "4971e080-966d-485e-a161-3e2b7fefad53"
              }
            ],
            "network_mode": null,
            "personality": [],
            "power_state": "active",
            "region": "",
            "scheduler_hints": [],
            "security_groups": [
              "default"
            ],
            "stop_before_destroy": false,
            "tags": null,
            "timeouts": null,
            "updated": "2025-08-28 02:45:52 +0000 UTC",
            "user_data": "0a2851644b69b490edcb913cd94856e46995cc70",
            "vendor_options": []
          },
          "sensitive_attributes": [],
          "private": "eyJlMmJmYjczMC1lY2FhLTExZTYtOGY4OC0zNDM2M2JjN2M0YzAiOnsiY3JlYXRlIjoxODAwMDAwMDAwMDAwLCJkZWxldGUiOjE4MDAwMDAwMDAwMDAsInVwZGF0ZSI6MTgwMDAwMDAwMDAwMH19",
          "dependencies": [
            "openstack_compute_instance_v2.master"
          ]
        }
      ]
    }
  ],
  "check_results": null
}
