{
  "version": 4,
  "terraform_version": "1.5.7",
  "serial": 4,
  "lineage": "b3d08d9f-e56c-9373-6146-750cb6d8ba85",
  "outputs": {},
  "resources": [
    {
      "mode": "managed",
      "type": "openstack_compute_instance_v2",
      "name": "master",
      "provider": "provider[\"registry.terraform.io/terraform-provider-openstack/openstack\"]",
      "instances": [
        {
          "schema_version": 0,
          "attributes": {
            "access_ip_v4": "141.72.13.119",
            "access_ip_v6": "",
            "admin_pass": null,
            "all_metadata": {},
            "all_tags": [],
            "availability_zone": "nova",
            "availability_zone_hints": null,
            "block_device": [],
            "config_drive": null,
            "created": "2025-07-15 07:37:00 +0000 UTC",
            "flavor_id": "23404a87-dd54-41fd-b0f5-288d65952afa",
            "flavor_name": "mb1.small",
            "force_delete": false,
            "hypervisor_hostname": "",
            "id": "a20c9cec-6777-4306-bb1a-9ba876178748",
            "image_id": "c57c2aef-f74a-4418-94ca-d3fb169162bf",
            "image_name": "Ubuntu 24.04 2025-01",
            "key_pair": "chrisfisch",
            "metadata": null,
            "name": "mjcs2-k8s-master",
            "network": [
              {
                "access_network": false,
                "fixed_ip_v4": "141.72.13.119",
                "fixed_ip_v6": "",
                "mac": "fa:16:3e:d7:0b:5c",
                "name": "provider_912",
                "port": "",
                "uuid": "4971e080-966d-485e-a161-3e2b7fefad53"
              }
            ],
            "network_mode": null,
            "personality": [],
            "power_state": "active",
            "region": "",
            "scheduler_hints": [],
            "security_groups": [
              "default"
            ],
            "stop_before_destroy": false,
            "tags": null,
            "timeouts": null,
            "updated": "2025-07-15 07:37:14 +0000 UTC",
            "user_data": "d6c4daaa72119db7da6170e1309e8f0cd8fed791",
            "vendor_options": []
          },
          "sensitive_attributes": [],
          "private": "eyJlMmJmYjczMC1lY2FhLTExZTYtOGY4OC0zNDM2M2JjN2M0YzAiOnsiY3JlYXRlIjoxODAwMDAwMDAwMDAwLCJkZWxldGUiOjE4MDAwMDAwMDAwMDAsInVwZGF0ZSI6MTgwMDAwMDAwMDAwMH19"
        }
      ]
    },
    {
      "mode": "managed",
      "type": "openstack_compute_instance_v2",
      "name": "worker_nodes",
      "provider": "provider[\"registry.terraform.io/terraform-provider-openstack/openstack\"]",
      "instances": [
        {
          "index_key": 0,
          "schema_version": 0,
          "attributes": {
            "access_ip_v4": "141.72.12.169",
            "access_ip_v6": "",
            "admin_pass": null,
            "all_metadata": {},
            "all_tags": [],
            "availability_zone": "nova",
            "availability_zone_hints": null,
            "block_device": [],
            "config_drive": null,
            "created": "2025-07-15 07:37:20 +0000 UTC",
            "flavor_id": "23404a87-dd54-41fd-b0f5-288d65952afa",
            "flavor_name": "mb1.small",
            "force_delete": false,
            "hypervisor_hostname": "",
            "id": "5afd9371-64e1-4f65-8fe0-d7c86c68a8bb",
            "image_id": "c57c2aef-f74a-4418-94ca-d3fb169162bf",
            "image_name": "Ubuntu 24.04 2025-01",
            "key_pair": "chrisfisch",
            "metadata": null,
            "name": "mjcs2-k8s-worker-0",
            "network": [
              {
                "access_network": false,
                "fixed_ip_v4": "141.72.12.169",
                "fixed_ip_v6": "",
                "mac": "fa:16:3e:ee:b1:43",
                "name": "provider_912",
                "port": "",
                "uuid": "4971e080-966d-485e-a161-3e2b7fefad53"
              }
            ],
            "network_mode": null,
            "personality": [],
            "power_state": "active",
            "region": "",
            "scheduler_hints": [],
            "security_groups": [
              "default"
            ],
            "stop_before_destroy": false,
            "tags": null,
            "timeouts": null,
            "updated": "2025-07-15 07:37:34 +0000 UTC",
            "user_data": "5c46096ffdb23db9aa2e35440109b754c946300b",
            "vendor_options": []
          },
          "sensitive_attributes": [],
          "private": "eyJlMmJmYjczMC1lY2FhLTExZTYtOGY4OC0zNDM2M2JjN2M0YzAiOnsiY3JlYXRlIjoxODAwMDAwMDAwMDAwLCJkZWxldGUiOjE4MDAwMDAwMDAwMDAsInVwZGF0ZSI6MTgwMDAwMDAwMDAwMH19",
          "dependencies": [
            "openstack_compute_instance_v2.master"
          ]
        },
        {
          "index_key": 1,
          "schema_version": 0,
          "attributes": {
            "access_ip_v4": "141.72.13.24",
            "access_ip_v6": "",
            "admin_pass": null,
            "all_metadata": {},
            "all_tags": [],
            "availability_zone": "nova",
            "availability_zone_hints": null,
            "block_device": [],
            "config_drive": null,
            "created": "2025-07-15 07:37:20 +0000 UTC",
            "flavor_id": "23404a87-dd54-41fd-b0f5-288d65952afa",
            "flavor_name": "mb1.small",
            "force_delete": false,
            "hypervisor_hostname": "",
            "id": "723c3275-59c7-425f-8a15-9e0b4bd8d450",
            "image_id": "c57c2aef-f74a-4418-94ca-d3fb169162bf",
            "image_name": "Ubuntu 24.04 2025-01",
            "key_pair": "chrisfisch",
            "metadata": null,
            "name": "mjcs2-k8s-worker-1",
            "network": [
              {
                "access_network": false,
                "fixed_ip_v4": "141.72.13.24",
                "fixed_ip_v6": "",
                "mac": "fa:16:3e:64:1c:87",
                "name": "provider_912",
                "port": "",
                "uuid": "4971e080-966d-485e-a161-3e2b7fefad53"
              }
            ],
            "network_mode": null,
            "personality": [],
            "power_state": "active",
            "region": "",
            "scheduler_hints": [],
            "security_groups": [
              "default"
            ],
            "stop_before_destroy": false,
            "tags": null,
            "timeouts": null,
            "updated": "2025-07-15 07:37:37 +0000 UTC",
            "user_data": "5c46096ffdb23db9aa2e35440109b754c946300b",
            "vendor_options": []
          },
          "sensitive_attributes": [],
          "private": "eyJlMmJmYjczMC1lY2FhLTExZTYtOGY4OC0zNDM2M2JjN2M0YzAiOnsiY3JlYXRlIjoxODAwMDAwMDAwMDAwLCJkZWxldGUiOjE4MDAwMDAwMDAwMDAsInVwZGF0ZSI6MTgwMDAwMDAwMDAwMH19",
          "dependencies": [
            "openstack_compute_instance_v2.master"
          ]
        }
      ]
    }
  ],
  "check_results": null
}
