{
  "version": 4,
  "terraform_version": "1.5.7",
  "serial": 168,
  "lineage": "5aca83ce-f8e9-286b-6cec-a79a46b5a34d",
  "outputs": {},
  "resources": [
    {
      "mode": "managed",
      "type": "openstack_compute_instance_v2",
      "name": "master",
      "provider": "provider[\"registry.terraform.io/terraform-provider-openstack/openstack\"]",
      "instances": [
        {
          "schema_version": 0,
          "attributes": {
            "access_ip_v4": "141.72.13.111",
            "access_ip_v6": "",
            "admin_pass": null,
            "all_metadata": {},
            "all_tags": [],
            "availability_zone": "nova",
            "availability_zone_hints": null,
            "block_device": [],
            "config_drive": null,
            "created": "2025-08-28 13:36:06 +0000 UTC",
            "flavor_id": "23404a87-dd54-41fd-b0f5-288d65952afa",
            "flavor_name": "mb1.small",
            "force_delete": false,
            "hypervisor_hostname": "",
            "id": "6307b3b2-62e5-4211-8a0e-d0442ffec107",
            "image_id": "c57c2aef-f74a-4418-94ca-d3fb169162bf",
            "image_name": "Ubuntu 24.04 2025-01",
            "key_pair": "Jonas Public",
            "metadata": null,
            "name": "mjcs2-k8s-master",
            "network": [
              {
                "access_network": false,
                "fixed_ip_v4": "141.72.13.111",
                "fixed_ip_v6": "",
                "mac": "fa:16:3e:c4:b2:02",
                "name": "DHBW",
                "port": "",
                "uuid": "4971e080-966d-485e-a161-3e2b7fefad53"
              }
            ],
            "network_mode": null,
            "personality": [],
            "power_state": "active",
            "region": "",
            "scheduler_hints": [],
            "security_groups": [
              "default"
            ],
            "stop_before_destroy": false,
            "tags": null,
            "timeouts": null,
            "updated": "2025-08-28 13:36:21 +0000 UTC",
            "user_data": "f20d442012e6f7a99c5524582f4c4e177bb7d746",
            "vendor_options": []
          },
          "sensitive_attributes": [],
          "private": "eyJlMmJmYjczMC1lY2FhLTExZTYtOGY4OC0zNDM2M2JjN2M0YzAiOnsiY3JlYXRlIjoxODAwMDAwMDAwMDAwLCJkZWxldGUiOjE4MDAwMDAwMDAwMDAsInVwZGF0ZSI6MTgwMDAwMDAwMDAwMH19"
        }
      ]
    },
    {
      "mode": "managed",
      "type": "openstack_compute_instance_v2",
      "name": "worker_nodes",
      "provider": "provider[\"registry.terraform.io/terraform-provider-openstack/openstack\"]",
      "instances": [
        {
          "index_key": 0,
          "schema_version": 0,
          "attributes": {
            "access_ip_v4": "141.72.12.96",
            "access_ip_v6": "",
            "admin_pass": null,
            "all_metadata": {},
            "all_tags": [],
            "availability_zone": "nova",
            "availability_zone_hints": null,
            "block_device": [],
            "config_drive": null,
            "created": "2025-08-28 13:36:29 +0000 UTC",
            "flavor_id": "23404a87-dd54-41fd-b0f5-288d65952afa",
            "flavor_name": "mb1.small",
            "force_delete": false,
            "hypervisor_hostname": "",
            "id": "54d02cbf-ec61-457f-8074-50e81ee04ee3",
            "image_id": "c57c2aef-f74a-4418-94ca-d3fb169162bf",
            "image_name": "Ubuntu 24.04 2025-01",
            "key_pair": "Jonas Public",
            "metadata": null,
            "name": "mjcs2-k8s-worker-0",
            "network": [
              {
                "access_network": false,
                "fixed_ip_v4": "141.72.12.96",
                "fixed_ip_v6": "",
                "mac": "fa:16:3e:bf:09:70",
                "name": "DHBW",
                "port": "",
                "uuid": "4971e080-966d-485e-a161-3e2b7fefad53"
              }
            ],
            "network_mode": null,
            "personality": [],
            "power_state": "active",
            "region": "",
            "scheduler_hints": [],
            "security_groups": [
              "default"
            ],
            "stop_before_destroy": false,
            "tags": null,
            "timeouts": null,
            "updated": "2025-08-28 13:36:48 +0000 UTC",
            "user_data": "d43b6c34c807e01ad6a92f29762a6217adfe20aa",
            "vendor_options": []
          },
          "sensitive_attributes": [],
          "private": "eyJlMmJmYjczMC1lY2FhLTExZTYtOGY4OC0zNDM2M2JjN2M0YzAiOnsiY3JlYXRlIjoxODAwMDAwMDAwMDAwLCJkZWxldGUiOjE4MDAwMDAwMDAwMDAsInVwZGF0ZSI6MTgwMDAwMDAwMDAwMH19",
          "dependencies": [
            "openstack_compute_instance_v2.master"
          ]
        },
        {
          "index_key": 1,
          "schema_version": 0,
          "attributes": {
            "access_ip_v4": "141.72.13.76",
            "access_ip_v6": "",
            "admin_pass": null,
            "all_metadata": {},
            "all_tags": [],
            "availability_zone": "nova",
            "availability_zone_hints": null,
            "block_device": [],
            "config_drive": null,
            "created": "2025-08-28 13:36:29 +0000 UTC",
            "flavor_id": "23404a87-dd54-41fd-b0f5-288d65952afa",
            "flavor_name": "mb1.small",
            "force_delete": false,
            "hypervisor_hostname": "",
            "id": "228d1831-23b0-4936-b946-c10ec3b10c99",
            "image_id": "c57c2aef-f74a-4418-94ca-d3fb169162bf",
            "image_name": "Ubuntu 24.04 2025-01",
            "key_pair": "Jonas Public",
            "metadata": null,
            "name": "mjcs2-k8s-worker-1",
            "network": [
              {
                "access_network": false,
                "fixed_ip_v4": "141.72.13.76",
                "fixed_ip_v6": "",
                "mac": "fa:16:3e:a6:3f:b3",
                "name": "DHBW",
                "port": "",
                "uuid": "4971e080-966d-485e-a161-3e2b7fefad53"
              }
            ],
            "network_mode": null,
            "personality": [],
            "power_state": "active",
            "region": "",
            "scheduler_hints": [],
            "security_groups": [
              "default"
            ],
            "stop_before_destroy": false,
            "tags": null,
            "timeouts": null,
            "updated": "2025-08-28 13:36:44 +0000 UTC",
            "user_data": "d43b6c34c807e01ad6a92f29762a6217adfe20aa",
            "vendor_options": []
          },
          "sensitive_attributes": [],
          "private": "eyJlMmJmYjczMC1lY2FhLTExZTYtOGY4OC0zNDM2M2JjN2M0YzAiOnsiY3JlYXRlIjoxODAwMDAwMDAwMDAwLCJkZWxldGUiOjE4MDAwMDAwMDAwMDAsInVwZGF0ZSI6MTgwMDAwMDAwMDAwMH19",
          "dependencies": [
            "openstack_compute_instance_v2.master"
          ]
        },
        {
          "index_key": 2,
          "schema_version": 0,
          "attributes": {
            "access_ip_v4": "141.72.13.45",
            "access_ip_v6": "",
            "admin_pass": null,
            "all_metadata": {},
            "all_tags": [],
            "availability_zone": "nova",
            "availability_zone_hints": null,
            "block_device": [],
            "config_drive": null,
            "created": "2025-08-28 13:36:28 +0000 UTC",
            "flavor_id": "23404a87-dd54-41fd-b0f5-288d65952afa",
            "flavor_name": "mb1.small",
            "force_delete": false,
            "hypervisor_hostname": "",
            "id": "989cb87b-0dde-4802-899b-94d10369d5b7",
            "image_id": "c57c2aef-f74a-4418-94ca-d3fb169162bf",
            "image_name": "Ubuntu 24.04 2025-01",
            "key_pair": "Jonas Public",
            "metadata": null,
            "name": "mjcs2-k8s-worker-2",
            "network": [
              {
                "access_network": false,
                "fixed_ip_v4": "141.72.13.45",
                "fixed_ip_v6": "",
                "mac": "fa:16:3e:c0:11:eb",
                "name": "DHBW",
                "port": "",
                "uuid": "4971e080-966d-485e-a161-3e2b7fefad53"
              }
            ],
            "network_mode": null,
            "personality": [],
            "power_state": "active",
            "region": "",
            "scheduler_hints": [],
            "security_groups": [
              "default"
            ],
            "stop_before_destroy": false,
            "tags": null,
            "timeouts": null,
            "updated": "2025-08-28 13:36:44 +0000 UTC",
            "user_data": "d43b6c34c807e01ad6a92f29762a6217adfe20aa",
            "vendor_options": []
          },
          "sensitive_attributes": [],
          "private": "eyJlMmJmYjczMC1lY2FhLTExZTYtOGY4OC0zNDM2M2JjN2M0YzAiOnsiY3JlYXRlIjoxODAwMDAwMDAwMDAwLCJkZWxldGUiOjE4MDAwMDAwMDAwMDAsInVwZGF0ZSI6MTgwMDAwMDAwMDAwMH19",
          "dependencies": [
            "openstack_compute_instance_v2.master"
          ]
        }
      ]
    }
  ],
  "check_results": null
}
