{"version":4,"terraform_version":"1.10.2","serial":248,"lineage":"5aca83ce-f8e9-286b-6cec-a79a46b5a34d","outputs":{"master_ip":{"value":"141.72.12.68","type":"string"}},"resources":[{"mode":"managed","type":"local_file","name":"floating_ip","provider":"provider[\"registry.opentofu.org/hashicorp/local\"]","instances":[{"schema_version":0,"attributes":{"content":"141.72.12.68","content_base64":null,"content_base64sha256":"n5jS1OOc1Fb0cYFzj9eNUALhhFXNnvKrR4KiLX61AHk=","content_base64sha512":"G7i8WM/rNaGZxpHjUK5XUeRRPAPXqK8+8ENT1FI9+OZNF4nu2zKyf7ENsAkFr6cKEyxDtEmv8in8G7rR/MFZwQ==","content_md5":"1f7ba467c76f61b436cabf2e4b9f23a3","content_sha1":"97c5fe28dfda7205a858b1476dae020593fc628c","content_sha256":"9f98d2d4e39cd456f47181738fd78d5002e18455cd9ef2ab4782a22d7eb50079","content_sha512":"1bb8bc58cfeb35a199c691e350ae5751e4513c03d7a8af3ef04353d4523df8e64d1789eedb32b27fb10db00905afa70a132c43b449aff229fc1bbad1fcc159c1","directory_permission":"0777","file_permission":"0777","filename":"./openstack-inventory.txt","id":"97c5fe28dfda7205a858b1476dae020593fc628c","sensitive_content":null,"source":null},"sensitive_attributes":[[{"type":"get_attr","value":"sensitive_content"}]],"dependencies":["openstack_compute_instance_v2.master"]}]},{"mode":"managed","type":"openstack_compute_instance_v2","name":"master","provider":"provider[\"registry.opentofu.org/terraform-provider-openstack/openstack\"]","instances":[{"schema_version":0,"attributes":{"access_ip_v4":"141.72.12.68","access_ip_v6":"","admin_pass":null,"all_metadata":{},"all_tags":[],"availability_zone":"nova","availability_zone_hints":null,"block_device":[],"config_drive":null,"created":"2025-08-31 17:43:48 +0000 UTC","flavor_id":"23404a87-dd54-41fd-b0f5-288d65952afa","flavor_name":"mb1.small","force_delete":false,"hypervisor_hostname":"","id":"7e4b6de2-f3cd-4586-bc00-f83392d7e723","image_id":"c57c2aef-f74a-4418-94ca-d3fb169162bf","image_name":"Ubuntu 24.04 2025-01","key_pair":"Jonas Public","metadata":null,"name":"mjcs2-k8s-master","network":[{"access_network":false,"fixed_ip_v4":"141.72.12.68","fixed_ip_v6":"","mac":"fa:16:3e:db:a4:a9","name":"DHBW","port":"","uuid":"4971e080-966d-485e-a161-3e2b7fefad53"}],"network_mode":null,"personality":[],"power_state":"active","region":"","scheduler_hints":[],"security_groups":["default"],"stop_before_destroy":false,"tags":null,"timeouts":null,"updated":"2025-08-31 17:44:04 +0000 UTC","user_data":"f20d442012e6f7a99c5524582f4c4e177bb7d746","vendor_options":[]},"sensitive_attributes":[[{"type":"get_attr","value":"admin_pass"}]],"private":"eyJlMmJmYjczMC1lY2FhLTExZTYtOGY4OC0zNDM2M2JjN2M0YzAiOnsiY3JlYXRlIjoxODAwMDAwMDAwMDAwLCJkZWxldGUiOjE4MDAwMDAwMDAwMDAsInVwZGF0ZSI6MTgwMDAwMDAwMDAwMH19"}]},{"mode":"managed","type":"openstack_compute_instance_v2","name":"worker_nodes","provider":"provider[\"registry.opentofu.org/terraform-provider-openstack/openstack\"]","instances":[{"index_key":0,"schema_version":0,"attributes":{"access_ip_v4":"141.72.13.61","access_ip_v6":"","admin_pass":null,"all_metadata":{},"all_tags":[],"availability_zone":"nova","availability_zone_hints":null,"block_device":[],"config_drive":null,"created":"2025-08-31 17:44:10 +0000 UTC","flavor_id":"23404a87-dd54-41fd-b0f5-288d65952afa","flavor_name":"mb1.small","force_delete":false,"hypervisor_hostname":"","id":"e68182cd-86d9-4b7f-92c2-dcbb7930cd42","image_id":"c57c2aef-f74a-4418-94ca-d3fb169162bf","image_name":"Ubuntu 24.04 2025-01","key_pair":"Jonas Public","metadata":null,"name":"mjcs2-k8s-worker-0","network":[{"access_network":false,"fixed_ip_v4":"141.72.13.61","fixed_ip_v6":"","mac":"fa:16:3e:bc:a2:25","name":"DHBW","port":"","uuid":"4971e080-966d-485e-a161-3e2b7fefad53"}],"network_mode":null,"personality":[],"power_state":"active","region":"","scheduler_hints":[],"security_groups":["default"],"stop_before_destroy":false,"tags":null,"timeouts":null,"updated":"2025-08-31 17:44:27 +0000 UTC","user_data":"0a2851644b69b490edcb913cd94856e46995cc70","vendor_options":[]},"sensitive_attributes":[[{"type":"get_attr","value":"admin_pass"}]],"private":"eyJlMmJmYjczMC1lY2FhLTExZTYtOGY4OC0zNDM2M2JjN2M0YzAiOnsiY3JlYXRlIjoxODAwMDAwMDAwMDAwLCJkZWxldGUiOjE4MDAwMDAwMDAwMDAsInVwZGF0ZSI6MTgwMDAwMDAwMDAwMH19","dependencies":["openstack_compute_instance_v2.master"]},{"index_key":1,"schema_version":0,"attributes":{"access_ip_v4":"141.72.12.78","access_ip_v6":"","admin_pass":null,"all_metadata":{},"all_tags":[],"availability_zone":"nova","availability_zone_hints":null,"block_device":[],"config_drive":null,"created":"2025-08-31 17:44:10 +0000 UTC","flavor_id":"23404a87-dd54-41fd-b0f5-288d65952afa","flavor_name":"mb1.small","force_delete":false,"hypervisor_hostname":"","id":"57e2aebe-35f8-4926-a4c8-b72ec01126dc","image_id":"c57c2aef-f74a-4418-94ca-d3fb169162bf","image_name":"Ubuntu 24.04 2025-01","key_pair":"Jonas Public","metadata":null,"name":"mjcs2-k8s-worker-1","network":[{"access_network":false,"fixed_ip_v4":"141.72.12.78","fixed_ip_v6":"","mac":"fa:16:3e:96:78:30","name":"DHBW","port":"","uuid":"4971e080-966d-485e-a161-3e2b7fefad53"}],"network_mode":null,"personality":[],"power_state":"active","region":"","scheduler_hints":[],"security_groups":["default"],"stop_before_destroy":false,"tags":null,"timeouts":null,"updated":"2025-08-31 17:44:27 +0000 UTC","user_data":"0a2851644b69b490edcb913cd94856e46995cc70","vendor_options":[]},"sensitive_attributes":[[{"type":"get_attr","value":"admin_pass"}]],"private":"eyJlMmJmYjczMC1lY2FhLTExZTYtOGY4OC0zNDM2M2JjN2M0YzAiOnsiY3JlYXRlIjoxODAwMDAwMDAwMDAwLCJkZWxldGUiOjE4MDAwMDAwMDAwMDAsInVwZGF0ZSI6MTgwMDAwMDAwMDAwMH19","dependencies":["openstack_compute_instance_v2.master"]}]}],"check_results":null}
